
Microsoft Visual Studio Solution File, Format Version 12.00
Project("{FAE04EC0-301F-11D3-BF4B-00C04F79EFBC}") = "FFmpeg", "FFmpeg\FFmpeg.csproj", "{08235712-094E-45CE-BA8B-485165A52E19}"
EndProject
Project("{FAE04EC0-301F-11D3-BF4B-00C04F79EFBC}") = "FFmpeg.Messaging.Contracts", "FFmpeg.Messaging.Contracts\FFmpeg.Messaging.Contracts.csproj", "{AF522EFC-819D-4241-B010-FA5A7529A3E5}"
EndProject
Project("{FAE04EC0-301F-11D3-BF4B-00C04F79EFBC}") = "FFmpeg.Messaging", "FFmpeg.Messaging\FFmpeg.Messaging.csproj", "{332515AE-187F-4080-ACC9-84169BFFA3BA}"
EndProject
Global
	GlobalSection(SolutionConfigurationPlatforms) = preSolution
		Debug|Any CPU = Debug|Any CPU
		Release|Any CPU = Release|Any CPU
	EndGlobalSection
	GlobalSection(ProjectConfigurationPlatforms) = postSolution
		{08235712-094E-45CE-BA8B-485165A52E19}.Debug|Any CPU.ActiveCfg = Debug|Any CPU
		{08235712-094E-45CE-BA8B-485165A52E19}.Debug|Any CPU.Build.0 = Debug|Any CPU
		{08235712-094E-45CE-BA8B-485165A52E19}.Release|Any CPU.ActiveCfg = Release|Any CPU
		{08235712-094E-45CE-BA8B-485165A52E19}.Release|Any CPU.Build.0 = Release|Any CPU
		{AF522EFC-819D-4241-B010-FA5A7529A3E5}.Debug|Any CPU.ActiveCfg = Debug|Any CPU
		{AF522EFC-819D-4241-B010-FA5A7529A3E5}.Debug|Any CPU.Build.0 = Debug|Any CPU
		{AF522EFC-819D-4241-B010-FA5A7529A3E5}.Release|Any CPU.ActiveCfg = Release|Any CPU
		{AF522EFC-819D-4241-B010-FA5A7529A3E5}.Release|Any CPU.Build.0 = Release|Any CPU
		{332515AE-187F-4080-ACC9-84169BFFA3BA}.Debug|Any CPU.ActiveCfg = Debug|Any CPU
		{332515AE-187F-4080-ACC9-84169BFFA3BA}.Debug|Any CPU.Build.0 = Debug|Any CPU
		{332515AE-187F-4080-ACC9-84169BFFA3BA}.Release|Any CPU.ActiveCfg = Release|Any CPU
		{332515AE-187F-4080-ACC9-84169BFFA3BA}.Release|Any CPU.Build.0 = Release|Any CPU
	EndGlobalSection
EndGlobal
